
Microsoft Visual Studio Solution File, Format Version 12.00
# Visual Studio Version 16
VisualStudioVersion = 16.0.31829.152
MinimumVisualStudioVersion = 10.0.40219.1
Project("{FAE04EC0-301F-11D3-BF4B-00C04F79EFBC}") = "Task16", "Task16\Task16.csproj", "{DC2CBE09-CE51-4216-B713-A1C45A82BED1}"
EndProject
Project("{FAE04EC0-301F-11D3-BF4B-00C04F79EFBC}") = "Task16.2", "Task16.2\Task16.2.csproj", "{1F434983-D729-4A49-9F2F-1B84E30821F2}"
EndProject
Global
	GlobalSection(SolutionConfigurationPlatforms) = preSolution
		Debug|Any CPU = Debug|Any CPU
		Release|Any CPU = Release|Any CPU
	EndGlobalSection
	GlobalSection(ProjectConfigurationPlatforms) = postSolution
		{DC2CBE09-CE51-4216-B713-A1C45A82BED1}.Debug|Any CPU.ActiveCfg = Debug|Any CPU
		{DC2CBE09-CE51-4216-B713-A1C45A82BED1}.Debug|Any CPU.Build.0 = Debug|Any CPU
		{DC2CBE09-CE51-4216-B713-A1C45A82BED1}.Release|Any CPU.ActiveCfg = Release|Any CPU
		{DC2CBE09-CE51-4216-B713-A1C45A82BED1}.Release|Any CPU.Build.0 = Release|Any CPU
		{1F434983-D729-4A49-9F2F-1B84E30821F2}.Debug|Any CPU.ActiveCfg = Debug|Any CPU
		{1F434983-D729-4A49-9F2F-1B84E30821F2}.Debug|Any CPU.Build.0 = Debug|Any CPU
		{1F434983-D729-4A49-9F2F-1B84E30821F2}.Release|Any CPU.ActiveCfg = Release|Any CPU
		{1F434983-D729-4A49-9F2F-1B84E30821F2}.Release|Any CPU.Build.0 = Release|Any CPU
	EndGlobalSection
	GlobalSection(SolutionProperties) = preSolution
		HideSolutionNode = FALSE
	EndGlobalSection
	GlobalSection(ExtensibilityGlobals) = postSolution
		SolutionGuid = {DE506F43-C79E-424D-BA34-26E3461AD441}
	EndGlobalSection
EndGlobal
